
Microsoft Visual Studio Solution File, Format Version 12.00
# Visual Studio 15
VisualStudioVersion = 15.0.26430.13
MinimumVisualStudioVersion = 10.0.40219.1
Project("{FAE04EC0-301F-11D3-BF4B-00C04F79EFBC}") = "WhatsTheDiff", "WhatsTheDiff\WhatsTheDiff.csproj", "{8D00BEFE-5015-4115-9774-9A491C490D6E}"
EndProject
Project("{2150E333-8FDC-42A3-9474-1A3956D46DE8}") = "2 - Endpoints", "2 - Endpoints", "{80133FE0-DF4E-4C79-B376-23121A76BBD2}"
EndProject
Project("{2150E333-8FDC-42A3-9474-1A3956D46DE8}") = "1 - Application", "1 - Application", "{378586D2-0320-4220-965C-6F71AF36A454}"
EndProject
Project("{2150E333-8FDC-42A3-9474-1A3956D46DE8}") = "3 - Tests", "3 - Tests", "{938ABEAD-557B-45C2-AAF3-90DA086130A6}"
EndProject
Project("{FAE04EC0-301F-11D3-BF4B-00C04F79EFBC}") = "Application", "Application\Application.csproj", "{CAB03C99-4C65-4E01-9842-A386762089A9}"
EndProject
Project("{FAE04EC0-301F-11D3-BF4B-00C04F79EFBC}") = "Models", "Models\Models.csproj", "{E2650BC6-01BD-46FB-8BF2-013CA965EB85}"
EndProject
Project("{FAE04EC0-301F-11D3-BF4B-00C04F79EFBC}") = "UnitTests", "UnitTests\UnitTests.csproj", "{27846596-2169-4E99-9FCC-CF59F32B9AC3}"
EndProject
Global
	GlobalSection(SolutionConfigurationPlatforms) = preSolution
		Debug|Any CPU = Debug|Any CPU
		Release|Any CPU = Release|Any CPU
	EndGlobalSection
	GlobalSection(ProjectConfigurationPlatforms) = postSolution
		{8D00BEFE-5015-4115-9774-9A491C490D6E}.Debug|Any CPU.ActiveCfg = Debug|Any CPU
		{8D00BEFE-5015-4115-9774-9A491C490D6E}.Debug|Any CPU.Build.0 = Debug|Any CPU
		{8D00BEFE-5015-4115-9774-9A491C490D6E}.Release|Any CPU.ActiveCfg = Release|Any CPU
		{8D00BEFE-5015-4115-9774-9A491C490D6E}.Release|Any CPU.Build.0 = Release|Any CPU
		{CAB03C99-4C65-4E01-9842-A386762089A9}.Debug|Any CPU.ActiveCfg = Debug|Any CPU
		{CAB03C99-4C65-4E01-9842-A386762089A9}.Debug|Any CPU.Build.0 = Debug|Any CPU
		{CAB03C99-4C65-4E01-9842-A386762089A9}.Release|Any CPU.ActiveCfg = Release|Any CPU
		{CAB03C99-4C65-4E01-9842-A386762089A9}.Release|Any CPU.Build.0 = Release|Any CPU
		{E2650BC6-01BD-46FB-8BF2-013CA965EB85}.Debug|Any CPU.ActiveCfg = Debug|Any CPU
		{E2650BC6-01BD-46FB-8BF2-013CA965EB85}.Debug|Any CPU.Build.0 = Debug|Any CPU
		{E2650BC6-01BD-46FB-8BF2-013CA965EB85}.Release|Any CPU.ActiveCfg = Release|Any CPU
		{E2650BC6-01BD-46FB-8BF2-013CA965EB85}.Release|Any CPU.Build.0 = Release|Any CPU
		{27846596-2169-4E99-9FCC-CF59F32B9AC3}.Debug|Any CPU.ActiveCfg = Debug|Any CPU
		{27846596-2169-4E99-9FCC-CF59F32B9AC3}.Debug|Any CPU.Build.0 = Debug|Any CPU
		{27846596-2169-4E99-9FCC-CF59F32B9AC3}.Release|Any CPU.ActiveCfg = Release|Any CPU
		{27846596-2169-4E99-9FCC-CF59F32B9AC3}.Release|Any CPU.Build.0 = Release|Any CPU
	EndGlobalSection
	GlobalSection(SolutionProperties) = preSolution
		HideSolutionNode = FALSE
	EndGlobalSection
	GlobalSection(NestedProjects) = preSolution
		{8D00BEFE-5015-4115-9774-9A491C490D6E} = {80133FE0-DF4E-4C79-B376-23121A76BBD2}
		{CAB03C99-4C65-4E01-9842-A386762089A9} = {378586D2-0320-4220-965C-6F71AF36A454}
		{E2650BC6-01BD-46FB-8BF2-013CA965EB85} = {378586D2-0320-4220-965C-6F71AF36A454}
		{27846596-2169-4E99-9FCC-CF59F32B9AC3} = {938ABEAD-557B-45C2-AAF3-90DA086130A6}
	EndGlobalSection
EndGlobal
